
Microsoft Visual Studio Solution File, Format Version 12.00
# Visual Studio 15
VisualStudioVersion = 15.0.27130.2036
MinimumVisualStudioVersion = 10.0.40219.1
Project("{9A19103F-16F7-4668-BE54-9A1E7A4F7556}") = "Fundraise.Core", "Fundraise.Core\Fundraise.Core.csproj", "{F3B97C51-8DBA-420D-A9F0-E37572A31D5F}"
EndProject
Project("{FAE04EC0-301F-11D3-BF4B-00C04F79EFBC}") = "Fundraise.Core.Tests", "Fundraise.Core.Tests\Fundraise.Core.Tests.csproj", "{A149842E-392D-4BBC-937B-7B41BC130CDC}"
EndProject
Project("{FAE04EC0-301F-11D3-BF4B-00C04F79EFBC}") = "Fundraise.MvcExample", "Fundraise.MvcExample\Fundraise.MvcExample.csproj", "{EBEBE227-C1BE-48EE-9F7A-9031DCE27F97}"
EndProject
Project("{FAE04EC0-301F-11D3-BF4B-00C04F79EFBC}") = "Fundraise.MvcExample.Tests", "Fundraise.MvcExample.Tests\Fundraise.MvcExample.Tests.csproj", "{A34B0D2C-BDF5-420D-B5E3-A17DBB353344}"
EndProject
Project("{9A19103F-16F7-4668-BE54-9A1E7A4F7556}") = "Fundraise.Requests", "Fundraise.Requests\Fundraise.Requests.csproj", "{E3D20E07-694E-4110-915F-DE210E66F8E4}"
EndProject
Project("{9A19103F-16F7-4668-BE54-9A1E7A4F7556}") = "Fundraise.RequestHandlers.InProcess", "Fundraise.RequestHandlers.InProcess\Fundraise.RequestHandlers.InProcess.csproj", "{63F975E9-546D-43ED-B7FE-E62245FF44B1}"
EndProject
Project("{FAE04EC0-301F-11D3-BF4B-00C04F79EFBC}") = "Fundraise.IntegrationEvents", "Fundraise.IntegrationEvents\Fundraise.IntegrationEvents.csproj", "{0E9C4950-78D9-4F1D-8876-72A617F55F00}"
EndProject
Project("{FAE04EC0-301F-11D3-BF4B-00C04F79EFBC}") = "Fundraise.IntegrationEvents.RabbitMQ", "Fundraise.IntegrationEvents.RabbitMQ\Fundraise.IntegrationEvents.RabbitMQ.csproj", "{C7D4BD6C-00B8-469A-AC3C-B41199F2C430}"
EndProject
Global
	GlobalSection(SolutionConfigurationPlatforms) = preSolution
		Debug|Any CPU = Debug|Any CPU
		Release|Any CPU = Release|Any CPU
	EndGlobalSection
	GlobalSection(ProjectConfigurationPlatforms) = postSolution
		{F3B97C51-8DBA-420D-A9F0-E37572A31D5F}.Debug|Any CPU.ActiveCfg = Debug|Any CPU
		{F3B97C51-8DBA-420D-A9F0-E37572A31D5F}.Debug|Any CPU.Build.0 = Debug|Any CPU
		{F3B97C51-8DBA-420D-A9F0-E37572A31D5F}.Release|Any CPU.ActiveCfg = Release|Any CPU
		{F3B97C51-8DBA-420D-A9F0-E37572A31D5F}.Release|Any CPU.Build.0 = Release|Any CPU
		{A149842E-392D-4BBC-937B-7B41BC130CDC}.Debug|Any CPU.ActiveCfg = Debug|Any CPU
		{A149842E-392D-4BBC-937B-7B41BC130CDC}.Debug|Any CPU.Build.0 = Debug|Any CPU
		{A149842E-392D-4BBC-937B-7B41BC130CDC}.Release|Any CPU.ActiveCfg = Release|Any CPU
		{A149842E-392D-4BBC-937B-7B41BC130CDC}.Release|Any CPU.Build.0 = Release|Any CPU
		{EBEBE227-C1BE-48EE-9F7A-9031DCE27F97}.Debug|Any CPU.ActiveCfg = Debug|Any CPU
		{EBEBE227-C1BE-48EE-9F7A-9031DCE27F97}.Debug|Any CPU.Build.0 = Debug|Any CPU
		{EBEBE227-C1BE-48EE-9F7A-9031DCE27F97}.Release|Any CPU.ActiveCfg = Release|Any CPU
		{EBEBE227-C1BE-48EE-9F7A-9031DCE27F97}.Release|Any CPU.Build.0 = Release|Any CPU
		{A34B0D2C-BDF5-420D-B5E3-A17DBB353344}.Debug|Any CPU.ActiveCfg = Debug|Any CPU
		{A34B0D2C-BDF5-420D-B5E3-A17DBB353344}.Debug|Any CPU.Build.0 = Debug|Any CPU
		{A34B0D2C-BDF5-420D-B5E3-A17DBB353344}.Release|Any CPU.ActiveCfg = Release|Any CPU
		{A34B0D2C-BDF5-420D-B5E3-A17DBB353344}.Release|Any CPU.Build.0 = Release|Any CPU
		{E3D20E07-694E-4110-915F-DE210E66F8E4}.Debug|Any CPU.ActiveCfg = Debug|Any CPU
		{E3D20E07-694E-4110-915F-DE210E66F8E4}.Debug|Any CPU.Build.0 = Debug|Any CPU
		{E3D20E07-694E-4110-915F-DE210E66F8E4}.Release|Any CPU.ActiveCfg = Release|Any CPU
		{E3D20E07-694E-4110-915F-DE210E66F8E4}.Release|Any CPU.Build.0 = Release|Any CPU
		{63F975E9-546D-43ED-B7FE-E62245FF44B1}.Debug|Any CPU.ActiveCfg = Debug|Any CPU
		{63F975E9-546D-43ED-B7FE-E62245FF44B1}.Debug|Any CPU.Build.0 = Debug|Any CPU
		{63F975E9-546D-43ED-B7FE-E62245FF44B1}.Release|Any CPU.ActiveCfg = Release|Any CPU
		{63F975E9-546D-43ED-B7FE-E62245FF44B1}.Release|Any CPU.Build.0 = Release|Any CPU
		{0E9C4950-78D9-4F1D-8876-72A617F55F00}.Debug|Any CPU.ActiveCfg = Debug|Any CPU
		{0E9C4950-78D9-4F1D-8876-72A617F55F00}.Debug|Any CPU.Build.0 = Debug|Any CPU
		{0E9C4950-78D9-4F1D-8876-72A617F55F00}.Release|Any CPU.ActiveCfg = Release|Any CPU
		{0E9C4950-78D9-4F1D-8876-72A617F55F00}.Release|Any CPU.Build.0 = Release|Any CPU
		{C7D4BD6C-00B8-469A-AC3C-B41199F2C430}.Debug|Any CPU.ActiveCfg = Debug|Any CPU
		{C7D4BD6C-00B8-469A-AC3C-B41199F2C430}.Debug|Any CPU.Build.0 = Debug|Any CPU
		{C7D4BD6C-00B8-469A-AC3C-B41199F2C430}.Release|Any CPU.ActiveCfg = Release|Any CPU
		{C7D4BD6C-00B8-469A-AC3C-B41199F2C430}.Release|Any CPU.Build.0 = Release|Any CPU
	EndGlobalSection
	GlobalSection(SolutionProperties) = preSolution
		HideSolutionNode = FALSE
	EndGlobalSection
	GlobalSection(ExtensibilityGlobals) = postSolution
		SolutionGuid = {F8448F97-7FA5-4CB3-9EB8-EE3D234C5FE2}
	EndGlobalSection
EndGlobal
